
Microsoft Visual Studio Solution File, Format Version 12.00
# Visual Studio Version 16
VisualStudioVersion = 16.0.32228.343
MinimumVisualStudioVersion = 10.0.40219.1
Project("{FAE04EC0-301F-11D3-BF4B-00C04F79EFBC}") = "WebApplication2", "WebApplication2\WebApplication2.csproj", "{093065DC-EA15-45D9-8BD4-4F61729C0909}"
EndProject
Global
	GlobalSection(SolutionConfigurationPlatforms) = preSolution
		Debug|Any CPU = Debug|Any CPU
		Release|Any CPU = Release|Any CPU
	EndGlobalSection
	GlobalSection(ProjectConfigurationPlatforms) = postSolution
		{093065DC-EA15-45D9-8BD4-4F61729C0909}.Debug|Any CPU.ActiveCfg = Debug|Any CPU
		{093065DC-EA15-45D9-8BD4-4F61729C0909}.Debug|Any CPU.Build.0 = Debug|Any CPU
		{093065DC-EA15-45D9-8BD4-4F61729C0909}.Release|Any CPU.ActiveCfg = Release|Any CPU
		{093065DC-EA15-45D9-8BD4-4F61729C0909}.Release|Any CPU.Build.0 = Release|Any CPU
	EndGlobalSection
	GlobalSection(SolutionProperties) = preSolution
		HideSolutionNode = FALSE
	EndGlobalSection
	GlobalSection(ExtensibilityGlobals) = postSolution
		SolutionGuid = {297742AE-C984-4F71-BFEA-B8B4F4A0E4F0}
	EndGlobalSection
EndGlobal
